
Microsoft Visual Studio Solution File, Format Version 12.00
# Visual Studio Version 17
VisualStudioVersion = 17.3.32825.248
MinimumVisualStudioVersion = 10.0.40219.1
Project("{FAE04EC0-301F-11D3-BF4B-00C04F79EFBC}") = "DataAccess", "DataAccess\DataAccess.csproj", "{19A1E534-1AF8-4FC2-B9C0-20E52F08780A}"
EndProject
Project("{FAE04EC0-301F-11D3-BF4B-00C04F79EFBC}") = "BusinessObject", "BusinessObject\BusinessObject.csproj", "{EBD2284A-5366-423D-9BA6-EFBCB139BC7B}"
EndProject
Project("{FAE04EC0-301F-11D3-BF4B-00C04F79EFBC}") = "SalesWPFApp", "SalesWPFApp\SalesWPFApp.csproj", "{60C3DA59-7EE9-4E28-929C-BDBFDDFDD994}"
EndProject
Global
	GlobalSection(SolutionConfigurationPlatforms) = preSolution
		Debug|Any CPU = Debug|Any CPU
		Release|Any CPU = Release|Any CPU
	EndGlobalSection
	GlobalSection(ProjectConfigurationPlatforms) = postSolution
		{19A1E534-1AF8-4FC2-B9C0-20E52F08780A}.Debug|Any CPU.ActiveCfg = Debug|Any CPU
		{19A1E534-1AF8-4FC2-B9C0-20E52F08780A}.Debug|Any CPU.Build.0 = Debug|Any CPU
		{19A1E534-1AF8-4FC2-B9C0-20E52F08780A}.Release|Any CPU.ActiveCfg = Release|Any CPU
		{19A1E534-1AF8-4FC2-B9C0-20E52F08780A}.Release|Any CPU.Build.0 = Release|Any CPU
		{EBD2284A-5366-423D-9BA6-EFBCB139BC7B}.Debug|Any CPU.ActiveCfg = Debug|Any CPU
		{EBD2284A-5366-423D-9BA6-EFBCB139BC7B}.Debug|Any CPU.Build.0 = Debug|Any CPU
		{EBD2284A-5366-423D-9BA6-EFBCB139BC7B}.Release|Any CPU.ActiveCfg = Release|Any CPU
		{EBD2284A-5366-423D-9BA6-EFBCB139BC7B}.Release|Any CPU.Build.0 = Release|Any CPU
		{60C3DA59-7EE9-4E28-929C-BDBFDDFDD994}.Debug|Any CPU.ActiveCfg = Debug|Any CPU
		{60C3DA59-7EE9-4E28-929C-BDBFDDFDD994}.Debug|Any CPU.Build.0 = Debug|Any CPU
		{60C3DA59-7EE9-4E28-929C-BDBFDDFDD994}.Release|Any CPU.ActiveCfg = Release|Any CPU
		{60C3DA59-7EE9-4E28-929C-BDBFDDFDD994}.Release|Any CPU.Build.0 = Release|Any CPU
	EndGlobalSection
	GlobalSection(SolutionProperties) = preSolution
		HideSolutionNode = FALSE
	EndGlobalSection
	GlobalSection(ExtensibilityGlobals) = postSolution
		SolutionGuid = {599F7733-0F29-49D7-90B1-F4F422E29674}
	EndGlobalSection
EndGlobal
